
Microsoft Visual Studio Solution File, Format Version 12.00
# Visual Studio Version 17
VisualStudioVersion = 17.9.34607.119
MinimumVisualStudioVersion = 10.0.40219.1
Project("{FAE04EC0-301F-11D3-BF4B-00C04F79EFBC}") = "Rattish", "Rattish\Rattish.csproj", "{62A2FBF1-74D3-4162-8416-D4D5C74EA6A6}"
EndProject
Global
	GlobalSection(SolutionConfigurationPlatforms) = preSolution
		Debug|Any CPU = Debug|Any CPU
		Release|Any CPU = Release|Any CPU
	EndGlobalSection
	GlobalSection(ProjectConfigurationPlatforms) = postSolution
		{62A2FBF1-74D3-4162-8416-D4D5C74EA6A6}.Debug|Any CPU.ActiveCfg = Debug|Any CPU
		{62A2FBF1-74D3-4162-8416-D4D5C74EA6A6}.Debug|Any CPU.Build.0 = Debug|Any CPU
		{62A2FBF1-74D3-4162-8416-D4D5C74EA6A6}.Release|Any CPU.ActiveCfg = Release|Any CPU
		{62A2FBF1-74D3-4162-8416-D4D5C74EA6A6}.Release|Any CPU.Build.0 = Release|Any CPU
	EndGlobalSection
	GlobalSection(SolutionProperties) = preSolution
		HideSolutionNode = FALSE
	EndGlobalSection
	GlobalSection(ExtensibilityGlobals) = postSolution
		SolutionGuid = {C4BB09DE-B41B-481B-A317-A167B8A3387B}
	EndGlobalSection
EndGlobal
